<?xml version="1.0" encoding="utf-8"?>
<Project ToolsVersion="4.0" xmlns="http://schemas.microsoft.com/developer/msbuild/2003">
  <ItemGroup>
    <ClCompile Include="Source\External\PugiXml\src\pugixml.cpp">
      <Filter>External\PugiXml</Filter>
    </ClCompile>
    <ClCompile Include="Source\Global\App.cpp" />
    <ClCompile Include="Source\GUI\GuiButton.cpp" />
    <ClCompile Include="Source\GUI\GuiManager.cpp" />
    <ClCompile Include="Source\Modules\Core\Audio.cpp" />
    <ClCompile Include="Source\Modules\Core\Input.cpp" />
    <ClCompile Include="Source\Modules\Scenes\Gameloop\Scene.cpp" />
    <ClCompile Include="Source\Modules\Core\Textures.cpp" />
    <ClCompile Include="Source\Modules\Core\Window.cpp" />
    <ClCompile Include="Source\Modules\Scenes\Map.cpp" />
    <ClCompile Include="Source\Tools\Log.cpp">
      <Filter>Utils</Filter>
    </ClCompile>
    <ClCompile Include="Source\Timers\PerfTimer.cpp" />
    <ClCompile Include="Source\Timers\Timer.cpp" />
    <ClCompile Include="Source\Global\Main.cpp" />
    <ClCompile Include="Source\Modules\Core\Render.cpp" />
    <ClCompile Include="Source\Modules\Core\ModuleQFonts.cpp" />
    <ClCompile Include="Source\Modules\Extra\Pathfinder.cpp" />
    <ClCompile Include="Source\Modules\Extra\FadeToBlack.cpp" />
    <ClCompile Include="Source\Modules\Scenes\Gameloop\Logo.cpp" />
    <ClCompile Include="Source\Modules\Scenes\Gameloop\Title.cpp" />
    <ClCompile Include="Source\Modules\EntityClasses\Enemies\BossEnemy.cpp" />
    <ClCompile Include="Source\Modules\EntityClasses\DynamicEntity.cpp" />
    <ClCompile Include="Source\Modules\EntityClasses\Enemies\Enemy.cpp" />
    <ClCompile Include="Source\Modules\EntityClasses\Entity.cpp" />
    <ClCompile Include="Source\Modules\EntityClasses\Items\Item.cpp" />
    <ClCompile Include="Source\Modules\EntityClasses\Enemies\NormalEnemy.cpp" />
    <ClCompile Include="Source\Modules\EntityManager.cpp" />
    <ClCompile Include="Source\Modules\EntityClasses\StaticEntity.cpp" />
    <ClCompile Include="Source\Modules\EntityClasses\Characters\Character.cpp" />
    <ClCompile Include="Source\Modules\EntityClasses\Characters\Player.cpp" />
    <ClCompile Include="Source\Modules\Scenes\Battle.cpp" />
    <ClCompile Include="Source\Modules\Scenes\Gameloop\Stages.cpp" />
    <ClCompile Include="Source\Tools\Collider.cpp" />
    <ClCompile Include="Source\Modules\Extra\Collisions.cpp" />
    <ClCompile Include="Source\Modules\Core\Camera.cpp" />
    <ClCompile Include="Source\Modules\EntityClasses\NPC\NPC.cpp" />
    <ClCompile Include="Source\Modules\Scenes\Gameloop\Configuration.cpp" />
    <ClCompile Include="Source\Modules\Extra\DialogSystem.cpp" />
  </ItemGroup>
  <ItemGroup>
    <ClInclude Include="Source\External\PugiXml\src\pugiconfig.hpp">
      <Filter>External\PugiXml</Filter>
    </ClInclude>
    <ClInclude Include="Source\External\PugiXml\src\pugixml.hpp">
      <Filter>External\PugiXml</Filter>
    </ClInclude>
    <ClInclude Include="Source\Global\App.h" />
    <ClInclude Include="Source\GUI\GuiButton.h" />
    <ClInclude Include="Source\GUI\GuiControl.h" />
    <ClInclude Include="Source\GUI\GuiManager.h" />
    <ClInclude Include="Source\Modules\Core\Audio.h" />
    <ClInclude Include="Source\Modules\Core\Input.h" />
    <ClInclude Include="Source\Modules\Scenes\Gameloop\Scene.h" />
    <ClInclude Include="Source\Modules\Core\Textures.h" />
    <ClInclude Include="Source\Modules\Core\Window.h" />
    <ClInclude Include="Source\Modules\Scenes\Map.h" />
    <ClInclude Include="Source\Tools\Defs.h">
      <Filter>Utils</Filter>
    </ClInclude>
    <ClInclude Include="Source\Tools\DynArray.h">
      <Filter>Utils</Filter>
    </ClInclude>
    <ClInclude Include="Source\Tools\List.h">
      <Filter>Utils</Filter>
    </ClInclude>
    <ClInclude Include="Source\Tools\Log.h">
      <Filter>Utils</Filter>
    </ClInclude>
    <ClInclude Include="Source\Tools\Point.h">
      <Filter>Utils</Filter>
    </ClInclude>
    <ClInclude Include="Source\Tools\SString.h">
      <Filter>Utils</Filter>
    </ClInclude>
    <ClInclude Include="Source\Timers\PerfTimer.h" />
    <ClInclude Include="Source\Timers\Timer.h" />
    <ClInclude Include="Source\Modules\Core\Render.h" />
    <ClInclude Include="Resource\resource.h" />
    <ClInclude Include="Source\Modules\Core\ModuleQFonts.h" />
    <ClInclude Include="Source\Modules\Extra\Pathfinder.h" />
    <ClInclude Include="Source\Modules\Extra\FadeToBlack.h" />
    <ClInclude Include="Source\Global\Module.h" />
    <ClInclude Include="Source\Tools\Animation.h" />
    <ClInclude Include="Source\Modules\Scenes\Gameloop\Logo.h" />
    <ClInclude Include="Source\Modules\Scenes\Gameloop\Title.h" />
    <ClInclude Include="Source\Modules\EntityClasses\Enemies\BossEnemy.h" />
    <ClInclude Include="Source\Modules\EntityClasses\DynamicEntity.h" />
    <ClInclude Include="Source\Modules\EntityClasses\Enemies\Enemy.h" />
    <ClInclude Include="Source\Modules\EntityClasses\Entity.h" />
    <ClInclude Include="Source\Modules\EntityClasses\Items\Item.h" />
    <ClInclude Include="Source\Modules\EntityClasses\Enemies\NormalEnemy.h" />
    <ClInclude Include="Source\Modules\EntityManager.h" />
    <ClInclude Include="Source\Modules\EntityClasses\StaticEntity.h" />
    <ClInclude Include="Source\Modules\EntityClasses\Characters\Character.h" />
    <ClInclude Include="Source\Modules\EntityClasses\Characters\Player.h" />
    <ClInclude Include="Source\Modules\Scenes\Battle.h" />
    <ClInclude Include="Source\Modules\Scenes\Gameloop\Stages.h" />
    <ClInclude Include="Source\Tools\Collider.h" />
    <ClInclude Include="Source\Modules\Extra\Collisions.h" />
    <ClInclude Include="Source\Modules\Core\Camera.h" />
    <ClInclude Include="Source\Modules\EntityClasses\NPC\NPC.h" />
    <ClInclude Include="Source\Modules\Scenes\Gameloop\Configuration.h" />
    <ClInclude Include="Source\Modules\Extra\DialogSystem.h" />
  </ItemGroup>
  <ItemGroup>
    <Filter Include="External">
      <UniqueIdentifier>{83a966c7-b4bb-4eff-9c2c-3ff3c7b55a60}</UniqueIdentifier>
    </Filter>
    <Filter Include="Utils">
      <UniqueIdentifier>{2cad778a-d356-48b0-9fee-587f1bbb187e}</UniqueIdentifier>
    </Filter>
    <Filter Include="External\PugiXml">
      <UniqueIdentifier>{2855ff7f-53a1-413d-a75b-18b4ade921dd}</UniqueIdentifier>
    </Filter>
  </ItemGroup>
  <ItemGroup>
    <Image Include="Resource\icon1.ico" />
  </ItemGroup>
  <ItemGroup>
    <ResourceCompile Include="Resource\RPG.rc" />
  </ItemGroup>
  <ItemGroup>
    <Xml Include="..\Output\config.xml" />
    <Xml Include="..\Output\save_game.xml" />
  </ItemGroup>
</Project>